
Microsoft Visual Studio Solution File, Format Version 12.00
# Visual Studio Version 16
VisualStudioVersion = 16.0.31507.150
MinimumVisualStudioVersion = 10.0.40219.1
Project("{FAE04EC0-301F-11D3-BF4B-00C04F79EFBC}") = "CoreMVC", "CoreMVC\CoreMVC.csproj", "{FE21A460-4394-424E-ADD4-0F898D695189}"
EndProject
Project("{FAE04EC0-301F-11D3-BF4B-00C04F79EFBC}") = "Data", "Data\Data.csproj", "{6F90A4EF-5451-4E75-A6D7-B4534665599E}"
EndProject
Global
	GlobalSection(SolutionConfigurationPlatforms) = preSolution
		Debug|Any CPU = Debug|Any CPU
		Release|Any CPU = Release|Any CPU
		staging|Any CPU = staging|Any CPU
	EndGlobalSection
	GlobalSection(ProjectConfigurationPlatforms) = postSolution
		{FE21A460-4394-424E-ADD4-0F898D695189}.Debug|Any CPU.ActiveCfg = Debug|Any CPU
		{FE21A460-4394-424E-ADD4-0F898D695189}.Debug|Any CPU.Build.0 = Debug|Any CPU
		{FE21A460-4394-424E-ADD4-0F898D695189}.Release|Any CPU.ActiveCfg = Release|Any CPU
		{FE21A460-4394-424E-ADD4-0F898D695189}.Release|Any CPU.Build.0 = Release|Any CPU
		{FE21A460-4394-424E-ADD4-0F898D695189}.staging|Any CPU.ActiveCfg = Debug|Any CPU
		{FE21A460-4394-424E-ADD4-0F898D695189}.staging|Any CPU.Build.0 = Debug|Any CPU
		{6F90A4EF-5451-4E75-A6D7-B4534665599E}.Debug|Any CPU.ActiveCfg = Debug|Any CPU
		{6F90A4EF-5451-4E75-A6D7-B4534665599E}.Debug|Any CPU.Build.0 = Debug|Any CPU
		{6F90A4EF-5451-4E75-A6D7-B4534665599E}.Release|Any CPU.ActiveCfg = Release|Any CPU
		{6F90A4EF-5451-4E75-A6D7-B4534665599E}.Release|Any CPU.Build.0 = Release|Any CPU
		{6F90A4EF-5451-4E75-A6D7-B4534665599E}.staging|Any CPU.ActiveCfg = Debug|Any CPU
		{6F90A4EF-5451-4E75-A6D7-B4534665599E}.staging|Any CPU.Build.0 = Debug|Any CPU
	EndGlobalSection
	GlobalSection(SolutionProperties) = preSolution
		HideSolutionNode = FALSE
	EndGlobalSection
	GlobalSection(ExtensibilityGlobals) = postSolution
		SolutionGuid = {0E4A3DE3-556A-4D23-BB27-2186FCCB7102}
	EndGlobalSection
EndGlobal
