
Microsoft Visual Studio Solution File, Format Version 12.00
# Visual Studio Version 16
VisualStudioVersion = 16.0.31507.150
MinimumVisualStudioVersion = 10.0.40219.1
Project("{FAE04EC0-301F-11D3-BF4B-00C04F79EFBC}") = "CustomerService", "CustomerService\CustomerService.csproj", "{51E33934-BB97-4594-AC45-92CBC807278D}"
EndProject
Global
	GlobalSection(SolutionConfigurationPlatforms) = preSolution
		Debug|Any CPU = Debug|Any CPU
		Release|Any CPU = Release|Any CPU
	EndGlobalSection
	GlobalSection(ProjectConfigurationPlatforms) = postSolution
		{51E33934-BB97-4594-AC45-92CBC807278D}.Debug|Any CPU.ActiveCfg = Debug|Any CPU
		{51E33934-BB97-4594-AC45-92CBC807278D}.Debug|Any CPU.Build.0 = Debug|Any CPU
		{51E33934-BB97-4594-AC45-92CBC807278D}.Release|Any CPU.ActiveCfg = Release|Any CPU
		{51E33934-BB97-4594-AC45-92CBC807278D}.Release|Any CPU.Build.0 = Release|Any CPU
	EndGlobalSection
	GlobalSection(SolutionProperties) = preSolution
		HideSolutionNode = FALSE
	EndGlobalSection
	GlobalSection(ExtensibilityGlobals) = postSolution
		SolutionGuid = {749608FA-53F2-4F37-9E4A-448A587F8355}
	EndGlobalSection
EndGlobal
